
Microsoft Visual Studio Solution File, Format Version 12.00
# Visual Studio Version 17
VisualStudioVersion = 17.6.33829.357
MinimumVisualStudioVersion = 10.0.40219.1
Project("{FAE04EC0-301F-11D3-BF4B-00C04F79EFBC}") = "PasswordHash", "PasswordHash\PasswordHash.csproj", "{57B55D82-5580-4F47-AD7E-2185D1B929EB}"
EndProject
Global
	GlobalSection(SolutionConfigurationPlatforms) = preSolution
		Debug|Any CPU = Debug|Any CPU
		Release|Any CPU = Release|Any CPU
	EndGlobalSection
	GlobalSection(ProjectConfigurationPlatforms) = postSolution
		{57B55D82-5580-4F47-AD7E-2185D1B929EB}.Debug|Any CPU.ActiveCfg = Debug|Any CPU
		{57B55D82-5580-4F47-AD7E-2185D1B929EB}.Debug|Any CPU.Build.0 = Debug|Any CPU
		{57B55D82-5580-4F47-AD7E-2185D1B929EB}.Release|Any CPU.ActiveCfg = Release|Any CPU
		{57B55D82-5580-4F47-AD7E-2185D1B929EB}.Release|Any CPU.Build.0 = Release|Any CPU
	EndGlobalSection
	GlobalSection(SolutionProperties) = preSolution
		HideSolutionNode = FALSE
	EndGlobalSection
	GlobalSection(ExtensibilityGlobals) = postSolution
		SolutionGuid = {6CE45BA4-85C2-4CCA-9884-C6785E4E2AB8}
	EndGlobalSection
EndGlobal
